
Microsoft Visual Studio Solution File, Format Version 12.00
# Visual Studio Version 16
VisualStudioVersion = 16.0.30523.141
MinimumVisualStudioVersion = 10.0.40219.1
Project("{FAE04EC0-301F-11D3-BF4B-00C04F79EFBC}") = "ExamenWebApi", "ExamenWebApi\ExamenWebApi.csproj", "{F9EA7295-63AB-4AEA-B33A-D7965D340EE6}"
EndProject
Global
	GlobalSection(SolutionConfigurationPlatforms) = preSolution
		Debug|Any CPU = Debug|Any CPU
		Release|Any CPU = Release|Any CPU
	EndGlobalSection
	GlobalSection(ProjectConfigurationPlatforms) = postSolution
		{F9EA7295-63AB-4AEA-B33A-D7965D340EE6}.Debug|Any CPU.ActiveCfg = Debug|Any CPU
		{F9EA7295-63AB-4AEA-B33A-D7965D340EE6}.Debug|Any CPU.Build.0 = Debug|Any CPU
		{F9EA7295-63AB-4AEA-B33A-D7965D340EE6}.Release|Any CPU.ActiveCfg = Release|Any CPU
		{F9EA7295-63AB-4AEA-B33A-D7965D340EE6}.Release|Any CPU.Build.0 = Release|Any CPU
	EndGlobalSection
	GlobalSection(SolutionProperties) = preSolution
		HideSolutionNode = FALSE
	EndGlobalSection
	GlobalSection(ExtensibilityGlobals) = postSolution
		SolutionGuid = {750522D9-4F61-4BF0-8988-62D99008DDD3}
	EndGlobalSection
EndGlobal
